// !$*UTF8*$!
{
	archiveVersion = 1;
	classes = {
	};
	objectVersion = 46;
	objects = {

/* Begin PBXBuildFile section */
		15D2D7DC1B53A858006F9860 /* AppDelegate.swift in Sources */ = {isa = PBXBuildFile; fileRef = 15D2D7DB1B53A858006F9860 /* AppDelegate.swift */; };
		15D2D7E11B53A858006F9860 /* Main.storyboard in Resources */ = {isa = PBXBuildFile; fileRef = 15D2D7DF1B53A858006F9860 /* Main.storyboard */; };
		15D2D7E31B53A858006F9860 /* Images.xcassets in Resources */ = {isa = PBXBuildFile; fileRef = 15D2D7E21B53A858006F9860 /* Images.xcassets */; };
		15D2D7E61B53A858006F9860 /* LaunchScreen.xib in Resources */ = {isa = PBXBuildFile; fileRef = 15D2D7E41B53A858006F9860 /* LaunchScreen.xib */; };
		15D2D7F21B53A858006F9860 /* SwiftCollectionViewTests.swift in Sources */ = {isa = PBXBuildFile; fileRef = 15D2D7F11B53A858006F9860 /* SwiftCollectionViewTests.swift */; };
		15D2D7FE1B53AA14006F9860 /* MasterCollectionViewController.swift in Sources */ = {isa = PBXBuildFile; fileRef = 15D2D7FD1B53AA14006F9860 /* MasterCollectionViewController.swift */; };
		15D2D8001B53CCE1006F9860 /* PhotoCell.swift in Sources */ = {isa = PBXBuildFile; fileRef = 15D2D7FF1B53CCE1006F9860 /* PhotoCell.swift */; };
/* End PBXBuildFile section */

/* Begin PBXContainerItemProxy section */
		15D2D7EC1B53A858006F9860 /* PBXContainerItemProxy */ = {
			isa = PBXContainerItemProxy;
			containerPortal = 15D2D7CE1B53A858006F9860 /* Project object */;
			proxyType = 1;
			remoteGlobalIDString = 15D2D7D51B53A858006F9860;
			remoteInfo = SwiftCollectionView;
		};
/* End PBXContainerItemProxy section */

/* Begin PBXFileReference section */
		15D2D7D61B53A858006F9860 /* SwiftCollectionView.app */ = {isa = PBXFileReference; explicitFileType = wrapper.application; includeInIndex = 0; path = SwiftCollectionView.app; sourceTree = BUILT_PRODUCTS_DIR; };
		15D2D7DA1B53A858006F9860 /* Info.plist */ = {isa = PBXFileReference; lastKnownFileType = text.plist.xml; path = Info.plist; sourceTree = "<group>"; };
		15D2D7DB1B53A858006F9860 /* AppDelegate.swift */ = {isa = PBXFileReference; lastKnownFileType = sourcecode.swift; path = AppDelegate.swift; sourceTree = "<group>"; };
		15D2D7E01B53A858006F9860 /* Base */ = {isa = PBXFileReference; lastKnownFileType = file.storyboard; name = Base; path = Base.lproj/Main.storyboard; sourceTree = "<group>"; };
		15D2D7E21B53A858006F9860 /* Images.xcassets */ = {isa = PBXFileReference; lastKnownFileType = folder.assetcatalog; path = Images.xcassets; sourceTree = "<group>"; };
		15D2D7E51B53A858006F9860 /* Base */ = {isa = PBXFileReference; lastKnownFileType = file.xib; name = Base; path = Base.lproj/LaunchScreen.xib; sourceTree = "<group>"; };
		15D2D7EB1B53A858006F9860 /* SwiftCollectionViewTests.xctest */ = {isa = PBXFileReference; explicitFileType = wrapper.cfbundle; includeInIndex = 0; path = SwiftCollectionViewTests.xctest; sourceTree = BUILT_PRODUCTS_DIR; };
		15D2D7F01B53A858006F9860 /* Info.plist */ = {isa = PBXFileReference; lastKnownFileType = text.plist.xml; path = Info.plist; sourceTree = "<group>"; };
		15D2D7F11B53A858006F9860 /* SwiftCollectionViewTests.swift */ = {isa = PBXFileReference; lastKnownFileType = sourcecode.swift; path = SwiftCollectionViewTests.swift; sourceTree = "<group>"; };
		15D2D7FD1B53AA14006F9860 /* MasterCollectionViewController.swift */ = {isa = PBXFileReference; fileEncoding = 4; lastKnownFileType = sourcecode.swift; path = MasterCollectionViewController.swift; sourceTree = "<group>"; };
		15D2D7FF1B53CCE1006F9860 /* PhotoCell.swift */ = {isa = PBXFileReference; fileEncoding = 4; lastKnownFileType = sourcecode.swift; path = PhotoCell.swift; sourceTree = "<group>"; };
/* End PBXFileReference section */

/* Begin PBXFrameworksBuildPhase section */
		15D2D7D31B53A858006F9860 /* Frameworks */ = {
			isa = PBXFrameworksBuildPhase;
			buildActionMask = 2147483647;
			files = (
			);
			runOnlyForDeploymentPostprocessing = 0;
		};
		15D2D7E81B53A858006F9860 /* Frameworks */ = {
			isa = PBXFrameworksBuildPhase;
			buildActionMask = 2147483647;
			files = (
			);
			runOnlyForDeploymentPostprocessing = 0;
		};
/* End PBXFrameworksBuildPhase section */

/* Begin PBXGroup section */
		15D2D7CD1B53A858006F9860 = {
			isa = PBXGroup;
			children = (
				15D2D7D81B53A858006F9860 /* SwiftCollectionView */,
				15D2D7EE1B53A858006F9860 /* SwiftCollectionViewTests */,
				15D2D7D71B53A858006F9860 /* Products */,
			);
			sourceTree = "<group>";
		};
		15D2D7D71B53A858006F9860 /* Products */ = {
			isa = PBXGroup;
			children = (
				15D2D7D61B53A858006F9860 /* SwiftCollectionView.app */,
				15D2D7EB1B53A858006F9860 /* SwiftCollectionViewTests.xctest */,
			);
			name = Products;
			sourceTree = "<group>";
		};
		15D2D7D81B53A858006F9860 /* SwiftCollectionView */ = {
			isa = PBXGroup;
			children = (
				15D2D7DB1B53A858006F9860 /* AppDelegate.swift */,
				15D2D7FD1B53AA14006F9860 /* MasterCollectionViewController.swift */,
				15D2D7FF1B53CCE1006F9860 /* PhotoCell.swift */,
				15D2D8011B53CEB7006F9860 /* flowers */,
				15D2D7DF1B53A858006F9860 /* Main.storyboard */,
				15D2D7E21B53A858006F9860 /* Images.xcassets */,
				15D2D7E41B53A858006F9860 /* LaunchScreen.xib */,
				15D2D7D91B53A858006F9860 /* Supporting Files */,
			);
			path = SwiftCollectionView;
			sourceTree = "<group>";
		};
		15D2D7D91B53A858006F9860 /* Supporting Files */ = {
			isa = PBXGroup;
			children = (
				15D2D7DA1B53A858006F9860 /* Info.plist */,
			);
			name = "Supporting Files";
			sourceTree = "<group>";
		};
		15D2D7EE1B53A858006F9860 /* SwiftCollectionViewTests */ = {
			isa = PBXGroup;
			children = (
				15D2D7F11B53A858006F9860 /* SwiftCollectionViewTests.swift */,
				15D2D7EF1B53A858006F9860 /* Supporting Files */,
			);
			path = SwiftCollectionViewTests;
			sourceTree = "<group>";
		};
		15D2D7EF1B53A858006F9860 /* Supporting Files */ = {
			isa = PBXGroup;
			children = (
				15D2D7F01B53A858006F9860 /* Info.plist */,
			);
			name = "Supporting Files";
			sourceTree = "<group>";
		};
		15D2D8011B53CEB7006F9860 /* flowers */ = {
			isa = PBXGroup;
			children = (
			);
			name = flowers;
			sourceTree = "<group>";
		};
/* End PBXGroup section */

/* Begin PBXNativeTarget section */
		15D2D7D51B53A858006F9860 /* SwiftCollectionView */ = {
			isa = PBXNativeTarget;
			buildConfigurationList = 15D2D7F51B53A858006F9860 /* Build configuration list for PBXNativeTarget "SwiftCollectionView" */;
			buildPhases = (
				15D2D7D21B53A858006F9860 /* Sources */,
				15D2D7D31B53A858006F9860 /* Frameworks */,
				15D2D7D41B53A858006F9860 /* Resources */,
			);
			buildRules = (
			);
			dependencies = (
			);
			name = SwiftCollectionView;
			productName = SwiftCollectionView;
			productReference = 15D2D7D61B53A858006F9860 /* SwiftCollectionView.app */;
			productType = "com.apple.product-type.application";
		};
		15D2D7EA1B53A858006F9860 /* SwiftCollectionViewTests */ = {
			isa = PBXNativeTarget;
			buildConfigurationList = 15D2D7F81B53A858006F9860 /* Build configuration list for PBXNativeTarget "SwiftCollectionViewTests" */;
			buildPhases = (
				15D2D7E71B53A858006F9860 /* Sources */,
				15D2D7E81B53A858006F9860 /* Frameworks */,
				15D2D7E91B53A858006F9860 /* Resources */,
			);
			buildRules = (
			);
			dependencies = (
				15D2D7ED1B53A858006F9860 /* PBXTargetDependency */,
			);
			name = SwiftCollectionViewTests;
			productName = SwiftCollectionViewTests;
			productReference = 15D2D7EB1B53A858006F9860 /* SwiftCollectionViewTests.xctest */;
			productType = "com.apple.product-type.bundle.unit-test";
		};
/* End PBXNativeTarget section */

/* Begin PBXProject section */
		15D2D7CE1B53A858006F9860 /* Project object */ = {
			isa = PBXProject;
			attributes = {
				LastUpgradeCheck = 0640;
				ORGANIZATIONNAME = SeaZar;
				TargetAttributes = {
					15D2D7D51B53A858006F9860 = {
						CreatedOnToolsVersion = 6.4;
					};
					15D2D7EA1B53A858006F9860 = {
						CreatedOnToolsVersion = 6.4;
						TestTargetID = 15D2D7D51B53A858006F9860;
					};
				};
			};
			buildConfigurationList = 15D2D7D11B53A858006F9860 /* Build configuration list for PBXProject "SwiftCollectionView" */;
			compatibilityVersion = "Xcode 3.2";
			developmentRegion = English;
			hasScannedForEncodings = 0;
			knownRegions = (
				en,
				Base,
			);
			mainGroup = 15D2D7CD1B53A858006F9860;
			productRefGroup = 15D2D7D71B53A858006F9860 /* Products */;
			projectDirPath = "";
			projectRoot = "";
			targets = (
				15D2D7D51B53A858006F9860 /* SwiftCollectionView */,
				15D2D7EA1B53A858006F9860 /* SwiftCollectionViewTests */,
			);
		};
/* End PBXProject section */

/* Begin PBXResourcesBuildPhase section */
		15D2D7D41B53A858006F9860 /* Resources */ = {
			isa = PBXResourcesBuildPhase;
			buildActionMask = 2147483647;
			files = (
				15D2D7E11B53A858006F9860 /* Main.storyboard in Resources */,
				15D2D7E61B53A858006F9860 /* LaunchScreen.xib in Resources */,
				15D2D7E31B53A858006F9860 /* Images.xcassets in Resources */,
			);
			runOnlyForDeploymentPostprocessing = 0;
		};
		15D2D7E91B53A858006F9860 /* Resources */ = {
			isa = PBXResourcesBuildPhase;
			buildActionMask = 2147483647;
			files = (
			);
			runOnlyForDeploymentPostprocessing = 0;
		};
/* End PBXResourcesBuildPhase section */

/* Begin PBXSourcesBuildPhase section */
		15D2D7D21B53A858006F9860 /* Sources */ = {
			isa = PBXSourcesBuildPhase;
			buildActionMask = 2147483647;
			files = (
				15D2D7FE1B53AA14006F9860 /* MasterCollectionViewController.swift in Sources */,
				15D2D8001B53CCE1006F9860 /* PhotoCell.swift in Sources */,
				15D2D7DC1B53A858006F9860 /* AppDelegate.swift in Sources */,
			);
			runOnlyForDeploymentPostprocessing = 0;
		};
		15D2D7E71B53A858006F9860 /* Sources */ = {
			isa = PBXSourcesBuildPhase;
			buildActionMask = 2147483647;
			files = (
				15D2D7F21B53A858006F9860 /* SwiftCollectionViewTests.swift in Sources */,
			);
			runOnlyForDeploymentPostprocessing = 0;
		};
/* End PBXSourcesBuildPhase section */

/* Begin PBXTargetDependency section */
		15D2D7ED1B53A858006F9860 /* PBXTargetDependency */ = {
			isa = PBXTargetDependency;
			target = 15D2D7D51B53A858006F9860 /* SwiftCollectionView */;
			targetProxy = 15D2D7EC1B53A858006F9860 /* PBXContainerItemProxy */;
		};
/* End PBXTargetDependency section */

/* Begin PBXVariantGroup section */
		15D2D7DF1B53A858006F9860 /* Main.storyboard */ = {
			isa = PBXVariantGroup;
			children = (
				15D2D7E01B53A858006F9860 /* Base */,
			);
			name = Main.storyboard;
			sourceTree = "<group>";
		};
		15D2D7E41B53A858006F9860 /* LaunchScreen.xib */ = {
			isa = PBXVariantGroup;
			children = (
				15D2D7E51B53A858006F9860 /* Base */,
			);
			name = LaunchScreen.xib;
			sourceTree = "<group>";
		};
/* End PBXVariantGroup section */

/* Begin XCBuildConfiguration section */
		15D2D7F31B53A858006F9860 /* Debug */ = {
			isa = XCBuildConfiguration;
			buildSettings = {
				ALWAYS_SEARCH_USER_PATHS = NO;
				CLANG_CXX_LANGUAGE_STANDARD = "gnu++0x";
				CLANG_CXX_LIBRARY = "libc++";
				CLANG_ENABLE_MODULES = YES;
				CLANG_ENABLE_OBJC_ARC = YES;
				CLANG_WARN_BOOL_CONVERSION = YES;
				CLANG_WARN_CONSTANT_CONVERSION = YES;
				CLANG_WARN_DIRECT_OBJC_ISA_USAGE = YES_ERROR;
				CLANG_WARN_EMPTY_BODY = YES;
				CLANG_WARN_ENUM_CONVERSION = YES;
				CLANG_WARN_INT_CONVERSION = YES;
				CLANG_WARN_OBJC_ROOT_CLASS = YES_ERROR;
				CLANG_WARN_UNREACHABLE_CODE = YES;
				CLANG_WARN__DUPLICATE_METHOD_MATCH = YES;
				"CODE_SIGN_IDENTITY[sdk=iphoneos*]" = "iPhone Developer";
				COPY_PHASE_STRIP = NO;
				DEBUG_INFORMATION_FORMAT = "dwarf-with-dsym";
				ENABLE_STRICT_OBJC_MSGSEND = YES;
				GCC_C_LANGUAGE_STANDARD = gnu99;
				GCC_DYNAMIC_NO_PIC = NO;
				GCC_NO_COMMON_BLOCKS = YES;
				GCC_OPTIMIZATION_LEVEL = 0;
				GCC_PREPROCESSOR_DEFINITIONS = (
					"DEBUG=1",
					"$(inherited)",
				);
				GCC_SYMBOLS_PRIVATE_EXTERN = NO;
				GCC_WARN_64_TO_32_BIT_CONVERSION = YES;
				GCC_WARN_ABOUT_RETURN_TYPE = YES_ERROR;
				GCC_WARN_UNDECLARED_SELECTOR = YES;
				GCC_WARN_UNINITIALIZED_AUTOS = YES_AGGRESSIVE;
				GCC_WARN_UNUSED_FUNCTION = YES;
				GCC_WARN_UNUSED_VARIABLE = YES;
				IPHONEOS_DEPLOYMENT_TARGET = 8.4;
				MTL_ENABLE_DEBUG_INFO = YES;
				ONLY_ACTIVE_ARCH = YES;
				SDKROOT = iphoneos;
				SWIFT_OPTIMIZATION_LEVEL = "-Onone";
				TARGETED_DEVICE_FAMILY = "1,2";
			};
			name = Debug;
		};
		15D2D7F41B53A858006F9860 /* Release */ = {
			isa = XCBuildConfiguration;
			buildSettings = {
				ALWAYS_SEARCH_USER_PATHS = NO;
				CLANG_CXX_LANGUAGE_STANDARD = "gnu++0x";
				CLANG_CXX_LIBRARY = "libc++";
				CLANG_ENABLE_MODULES = YES;
				CLANG_ENABLE_OBJC_ARC = YES;
				CLANG_WARN_BOOL_CONVERSION = YES;
				CLANG_WARN_CONSTANT_CONVERSION = YES;
				CLANG_WARN_DIRECT_OBJC_ISA_USAGE = YES_ERROR;
				CLANG_WARN_EMPTY_BODY = YES;
				CLANG_WARN_ENUM_CONVERSION = YES;
				CLANG_WARN_INT_CONVERSION = YES;
				CLANG_WARN_OBJC_ROOT_CLASS = YES_ERROR;
				CLANG_WARN_UNREACHABLE_CODE = YES;
				CLANG_WARN__DUPLICATE_METHOD_MATCH = YES;
				"CODE_SIGN_IDENTITY[sdk=iphoneos*]" = "iPhone Developer";
				COPY_PHASE_STRIP = NO;
				DEBUG_INFORMATION_FORMAT = "dwarf-with-dsym";
				ENABLE_NS_ASSERTIONS = NO;
				ENABLE_STRICT_OBJC_MSGSEND = YES;
				GCC_C_LANGUAGE_STANDARD = gnu99;
				GCC_NO_COMMON_BLOCKS = YES;
				GCC_WARN_64_TO_32_BIT_CONVERSION = YES;
				GCC_WARN_ABOUT_RETURN_TYPE = YES_ERROR;
				GCC_WARN_UNDECLARED_SELECTOR = YES;
				GCC_WARN_UNINITIALIZED_AUTOS = YES_AGGRESSIVE;
				GCC_WARN_UNUSED_FUNCTION = YES;
				GCC_WARN_UNUSED_VARIABLE = YES;
				IPHONEOS_DEPLOYMENT_TARGET = 8.4;
				MTL_ENABLE_DEBUG_INFO = NO;
				SDKROOT = iphoneos;
				TARGETED_DEVICE_FAMILY = "1,2";
				VALIDATE_PRODUCT = YES;
			};
			name = Release;
		};
		15D2D7F61B53A858006F9860 /* Debug */ = {
			isa = XCBuildConfiguration;
			buildSettings = {
				ASSETCATALOG_COMPILER_APPICON_NAME = AppIcon;
				INFOPLIST_FILE = SwiftCollectionView/Info.plist;
				LD_RUNPATH_SEARCH_PATHS = "$(inherited) @executable_path/Frameworks";
				PRODUCT_NAME = "$(TARGET_NAME)";
			};
			name = Debug;
		};
		15D2D7F71B53A858006F9860 /* Release */ = {
			isa = XCBuildConfiguration;
			buildSettings = {
				ASSETCATALOG_COMPILER_APPICON_NAME = AppIcon;
				INFOPLIST_FILE = SwiftCollectionView/Info.plist;
				LD_RUNPATH_SEARCH_PATHS = "$(inherited) @executable_path/Frameworks";
				PRODUCT_NAME = "$(TARGET_NAME)";
			};
			name = Release;
		};
		15D2D7F91B53A858006F9860 /* Debug */ = {
			isa = XCBuildConfiguration;
			buildSettings = {
				BUNDLE_LOADER = "$(TEST_HOST)";
				FRAMEWORK_SEARCH_PATHS = (
					"$(SDKROOT)/Developer/Library/Frameworks",
					"$(inherited)",
				);
				GCC_PREPROCESSOR_DEFINITIONS = (
					"DEBUG=1",
					"$(inherited)",
				);
				INFOPLIST_FILE = SwiftCollectionViewTests/Info.plist;
				LD_RUNPATH_SEARCH_PATHS = "$(inherited) @executable_path/Frameworks @loader_path/Frameworks";
				PRODUCT_NAME = "$(TARGET_NAME)";
				TEST_HOST = "$(BUILT_PRODUCTS_DIR)/SwiftCollectionView.app/SwiftCollectionView";
			};
			name = Debug;
		};
		15D2D7FA1B53A858006F9860 /* Release */ = {
			isa = XCBuildConfiguration;
			buildSettings = {
				BUNDLE_LOADER = "$(TEST_HOST)";
				FRAMEWORK_SEARCH_PATHS = (
					"$(SDKROOT)/Developer/Library/Frameworks",
					"$(inherited)",
				);
				INFOPLIST_FILE = SwiftCollectionViewTests/Info.plist;
				LD_RUNPATH_SEARCH_PATHS = "$(inherited) @executable_path/Frameworks @loader_path/Frameworks";
				PRODUCT_NAME = "$(TARGET_NAME)";
				TEST_HOST = "$(BUILT_PRODUCTS_DIR)/SwiftCollectionView.app/SwiftCollectionView";
			};
			name = Release;
		};
/* End XCBuildConfiguration section */

/* Begin XCConfigurationList section */
		15D2D7D11B53A858006F9860 /* Build configuration list for PBXProject "SwiftCollectionView" */ = {
			isa = XCConfigurationList;
			buildConfigurations = (
				15D2D7F31B53A858006F9860 /* Debug */,
				15D2D7F41B53A858006F9860 /* Release */,
			);
			defaultConfigurationIsVisible = 0;
			defaultConfigurationName = Release;
		};
		15D2D7F51B53A858006F9860 /* Build configuration list for PBXNativeTarget "SwiftCollectionView" */ = {
			isa = XCConfigurationList;
			buildConfigurations = (
				15D2D7F61B53A858006F9860 /* Debug */,
				15D2D7F71B53A858006F9860 /* Release */,
			);
			defaultConfigurationIsVisible = 0;
		};
		15D2D7F81B53A858006F9860 /* Build configuration list for PBXNativeTarget "SwiftCollectionViewTests" */ = {
			isa = XCConfigurationList;
			buildConfigurations = (
				15D2D7F91B53A858006F9860 /* Debug */,
				15D2D7FA1B53A858006F9860 /* Release */,
			);
			defaultConfigurationIsVisible = 0;
		};
/* End XCConfigurationList section */
	};
	rootObject = 15D2D7CE1B53A858006F9860 /* Project object */;
}
